lockfileVersion: '9.0'

settings:
  autoInstallPeers: true
  excludeLinksFromLockfile: false

importers:

  .:
    dependencies:
      '@radix-ui/react-dialog':
        specifier: 1.1.15
        version: 1.1.15(@types/react-dom@19.2.3(@types/react@19.2.14))(@types/react@19.2.14)(react-dom@19.2.4(react@19.2.4))(react@19.2.4)
      '@radix-ui/react-label':
        specifier: 2.1.8
        version: 2.1.8(@types/react-dom@19.2.3(@types/react@19.2.14))(@types/react@19.2.14)(react-dom@19.2.4(react@19.2.4))(react@19.2.4)
      '@radix-ui/react-slot':
        specifier: 1.2.4
        version: 1.2.4(@types/react@19.2.14)(react@19.2.4)
      '@supabase/supabase-js':
        specifier: ^2.84.0
        version: 2.100.1
      '@tanstack/react-virtual':
        specifier: latest
        version: 3.13.23(react-dom@19.2.4(react@19.2.4))(react@19.2.4)
      '@vercel/analytics':
        specifier: latest
        version: 2.0.1(next@16.2.1(react-dom@19.2.4(react@19.2.4))(react@19.2.4))(react@19.2.4)
      class-variance-authority:
        specifier: 0.7.1
        version: 0.7.1
      clsx:
        specifier: 2.1.1
        version: 2.1.1
      date-fns:
        specifier: latest
        version: 4.1.0
      lucide-react:
        specifier: ^0.454.0
        version: 0.454.0(react@19.2.4)
      next:
        specifier: 16.2.1
        version: 16.2.1(react-dom@19.2.4(react@19.2.4))(react@19.2.4)
      next-themes:
        specifier: latest
        version: 0.4.6(react-dom@19.2.4(react@19.2.4))(react@19.2.4)
      playwright:
        specifier: 1.58.2
        version: 1.58.2
      puppeteer:
        specifier: 24.40.0
        version: 24.40.0(typescript@6.0.2)
      react:
        specifier: 19.2.4
        version: 19.2.4
      react-dom:
        specifier: 19.2.4
        version: 19.2.4(react@19.2.4)
      recharts:
        specifier: latest
        version: 3.8.1(@types/react@19.2.14)(react-dom@19.2.4(react@19.2.4))(react-is@19.2.4)(react@19.2.4)(redux@5.0.1)
      tailwind-merge:
        specifier: 3.5.0
        version: 3.5.0
      tailwindcss-animate:
        specifier: 1.0.7
        version: 1.0.7(tailwindcss@4.2.2)
      tw-animate-css:
        specifier: 1.4.0
        version: 1.4.0
      zod:
        specifier: ^3.23.8
        version: 3.25.76
    devDependencies:
      '@tailwindcss/postcss':
        specifier: ^4.0.0
        version: 4.2.2
      '@types/node':
        specifier: 25.5.0
        version: 25.5.0
      '@types/react':
        specifier: 19.2.14
        version: 19.2.14
      '@types/react-dom':
        specifier: 19.2.3
        version: 19.2.3(@types/react@19.2.14)
      postcss:
        specifier: 8.5.8
        version: 8.5.8
      tailwindcss:
        specifier: 4.2.2
        version: 4.2.2
      typescript:
        specifier: 6.0.2
        version: 6.0.2

packages:

  '@alloc/quick-lru@5.2.0':
    resolution: {integrity: sha512-UrcABB+4bUrFABwbluTIBErXwvbsU/V7TZWfmbgJfbkwiBuziS9gxdODUyuiecfdGQ85jglMW6juS3+z5TsKLw==}
    engines: {node: '>=10'}

  '@babel/code-frame@7.29.0':
    resolution: {integrity: sha512-9NhCeYjq9+3uxgdtp20LSiJXJvN0FeCtNGpJxuMFZ1Kv3cWUNb6DOhJwUvcVCzKGR66cw4njwM6hrJLqgOwbcw==}
    engines: {node: '>=6.9.0'}

  '@babel/helper-validator-identifier@7.28.5':
    resolution: {integrity: sha512-qSs4ifwzKJSV39ucNjsvc6WVHs6b7S03sOh2OcHF9UHfVPqWWALUsNUVzhSBiItjRZoLHx7nIarVjqKVusUZ1Q==}
    engines: {node: '>=6.9.0'}

  '@emnapi/runtime@1.9.1':
    resolution: {integrity: sha512-VYi5+ZVLhpgK4hQ0TAjiQiZ6ol0oe4mBx7mVv7IflsiEp0OWoVsp/+f9Vc1hOhE0TtkORVrI1GvzyreqpgWtkA==}

  '@img/colour@1.1.0':
    resolution: {integrity: sha512-Td76q7j57o/tLVdgS746cYARfSyxk8iEfRxewL9h4OMzYhbW4TAcppl0mT4eyqXddh6L/jwoM75mo7ixa/pCeQ==}
    engines: {node: '>=18'}

  '@jridgewell/gen-mapping@0.3.13':
    resolution: {integrity: sha512-2kkt/7niJ6MgEPxF0bYdQ6etZaA+fQvDcLKckhy1yIQOzaoKjBBjSj63/aLVjYE3qhRt5dvM+uUyfCg6UKCBbA==}

  '@jridgewell/remapping@2.3.5':
    resolution: {integrity: sha512-LI9u/+laYG4Ds1TDKSJW2YPrIlcVYOwi2fUC6xB43lueCjgxV4lffOCZCtYFiH6TNOX+tQKXx97T4IKHbhyHEQ==}

  '@jridgewell/resolve-uri@3.1.2':
    resolution: {integrity: sha512-bRISgCIjP20/tbWSPWMEi54QVPRZExkuD9lJL+UIxUKtwVJA8wW1Trb1jMs1RFXo1CBTNZ/5hpC9QvmKWdopKw==}
    engines: {node: '>=6.0.0'}

  '@jridgewell/sourcemap-codec@1.5.5':
    resolution: {integrity: sha512-cYQ9310grqxueWbl+WuIUIaiUaDcj7WOq5fVhEljNVgRfOUhY9fy2zTvfoqWsnebh8Sl70VScFbICvJnLKB0Og==}

  '@jridgewell/trace-mapping@0.3.31':
    resolution: {integrity: sha512-zzNR+SdQSDJzc8joaeP8QQoCQr8NuYx2dIIytl1QeBEZHJ9uW6hebsrYgbz8hJwUQao3TWCMtmfV8Nu1twOLAw==}

  '@next/env@16.2.1':
    resolution: {integrity: sha512-n8P/HCkIWW+gVal2Z8XqXJ6aB3J0tuM29OcHpCsobWlChH/SITBs1DFBk/HajgrwDkqqBXPbuUuzgDvUekREPg==}

  '@next/swc-darwin-arm64@16.2.1':
    resolution: {integrity: sha512-BwZ8w8YTaSEr2HIuXLMLxIdElNMPvY9fLqb20LX9A9OMGtJilhHLbCL3ggyd0TwjmMcTxi0XXt+ur1vWUoxj2Q==}
    engines: {node: '>= 10'}
    cpu: [arm64]
    os: [darwin]

  '@next/swc-darwin-x64@16.2.1':
    resolution: {integrity: sha512-/vrcE6iQSJq3uL3VGVHiXeaKbn8Es10DGTGRJnRZlkNQQk3kaNtAJg8Y6xuAlrx/6INKVjkfi5rY0iEXorZ6uA==}
    engines: {node: '>= 10'}
    cpu: [x64]
    os: [darwin]

  '@next/swc-linux-arm64-gnu@16.2.1':
    resolution: {integrity: sha512-uLn+0BK+C31LTVbQ/QU+UaVrV0rRSJQ8RfniQAHPghDdgE+SlroYqcmFnO5iNjNfVWCyKZHYrs3Nl0mUzWxbBw==}
    engines: {node: '>= 10'}
    cpu: [arm64]
    os: [linux]

  '@next/swc-linux-arm64-musl@16.2.1':
    resolution: {integrity: sha512-ssKq6iMRnHdnycGp9hCuGnXJZ0YPr4/wNwrfE5DbmvEcgl9+yv97/Kq3TPVDfYome1SW5geciLB9aiEqKXQjlQ==}
    engines: {node: '>= 10'}
    cpu: [arm64]
    os: [linux]

  '@next/swc-linux-x64-gnu@16.2.1':
    resolution: {integrity: sha512-HQm7SrHRELJ30T1TSmT706IWovFFSRGxfgUkyWJZF/RKBMdbdRWJuFrcpDdE5vy9UXjFOx6L3mRdqH04Mmx0hg==}
    engines: {node: '>= 10'}
    cpu: [x64]
    os: [linux]

  '@next/swc-linux-x64-musl@16.2.1':
    resolution: {integrity: sha512-aV2iUaC/5HGEpbBkE+4B8aHIudoOy5DYekAKOMSHoIYQ66y/wIVeaRx8MS2ZMdxe/HIXlMho4ubdZs/J8441Tg==}
    engines: {node: '>= 10'}
    cpu: [x64]
    os: [linux]

  '@next/swc-win32-arm64-msvc@16.2.1':
    resolution: {integrity: sha512-IXdNgiDHaSk0ZUJ+xp0OQTdTgnpx1RCfRTalhn3cjOP+IddTMINwA7DXZrwTmGDO8SUr5q2hdP/du4DcrB1GxA==}
    engines: {node: '>= 10'}
    cpu: [arm64]
    os: [win32]

  '@next/swc-win32-x64-msvc@16.2.1':
    resolution: {integrity: sha512-qvU+3a39Hay+ieIztkGSbF7+mccbbg1Tk25hc4JDylf8IHjYmY/Zm64Qq1602yPyQqvie+vf5T/uPwNxDNIoeg==}
    engines: {node: '>= 10'}
    cpu: [x64]
    os: [win32]

  '@puppeteer/browsers@2.13.0':
    resolution: {integrity: sha512-46BZJYJjc/WwmKjsvDFykHtXrtomsCIrwYQPOP7VfMJoZY2bsDF9oROBABR3paDjDcmkUye1Pb1BqdcdiipaWA==}
    engines: {node: '>=18'}
    hasBin: true

  '@radix-ui/primitive@1.1.3':
    resolution: {integrity: sha512-JTF99U/6XIjCBo0wqkU5sK10glYe27MRRsfwoiq5zzOEZLHU3A3KCMa5X/azekYRCJ0HlwI0crAXS/5dEHTzDg==}

  '@reduxjs/toolkit@2.11.2':
    resolution: {integrity: sha512-Kd6kAHTA6/nUpp8mySPqj3en3dm0tdMIgbttnQ1xFMVpufoj+ADi8pXLBsd4xzTRHQa7t/Jv8W5UnCuW4kuWMQ==}
    peerDependencies:
      react: ^16.9.0 || ^17.0.0 || ^18 || ^19
      react-redux: ^7.2.1 || ^8.1.3 || ^9.0.0
    peerDependenciesMeta:
      react:
        optional: true
      react-redux:
        optional: true

  '@standard-schema/spec@1.1.0':
    resolution: {integrity: sha512-l2aFy5jALhniG5HgqrD6jXLi/rUWrKvqN/qJx6yoJsgKhblVd+iqqU4RCXavm/jPityDo5TCvKMnpjKnOriy0w==}

  '@standard-schema/utils@0.3.0':
    resolution: {integrity: sha512-e7Mew686owMaPJVNNLs55PUvgz371nKgwsc4vxE49zsODpJEnxgxRo2y/OKrqueavXgZNMDVj3DdHFlaSAeU8g==}

  '@supabase/auth-js@2.100.1':
    resolution: {integrity: sha512-c5FB4nrG7cs1mLSzFGuIVl2iR2YO5XkSJ96uF4zubYm8YDn71XOi2emE9sBm/avfGCj61jaRBLOvxEAVnpys0Q==}
    engines: {node: '>=20.0.0'}

  '@supabase/functions-js@2.100.1':
    resolution: {integrity: sha512-mo8QheoV4KR+wSubtyEWhZUxWnCM7YZ23TncccMAlbWAHb8YTDqRGRm9IalWCAswniKyud6buZCk9snRqI86KA==}
    engines: {node: '>=20.0.0'}

  '@supabase/phoenix@0.4.0':
    resolution: {integrity: sha512-RHSx8bHS02xwfHdAbX5Lpbo6PXbgyf7lTaXTlwtFDPwOIw64NnVRwFAXGojHhjtVYI+PEPNSWwkL90f4agN3bw==}

  '@supabase/postgrest-js@2.100.1':
    resolution: {integrity: sha512-OIh4mOSo2LdqF2kox76OAPDtcSs+PwKABJOjc6plUV4/LXhFEsI2uwdEEIs7K7fd141qehWEVl/Y+Ts0fNvYsw==}
    engines: {node: '>=20.0.0'}

  '@supabase/realtime-js@2.100.1':
    resolution: {integrity: sha512-FHuRWPX4qZQ4x+0Q+ZrKaBZnOiVGiwsgiAUJM98pYRib1yeaE/fOM1lZ1ozd+4gA8Udw23OyaD8SxKS5mT5NYw==}
    engines: {node: '>=20.0.0'}

  '@supabase/storage-js@2.100.1':
    resolution: {integrity: sha512-x9xpEIoWM4xKiAlwfWTgHPSN6N4Y0aS4FVU4F6ZPbq7Gayw08SrtC6/YH/gOr8CjXQr0HxXYXDop2xGTSjubYA==}
    engines: {node: '>=20.0.0'}

  '@supabase/supabase-js@2.100.1':
    resolution: {integrity: sha512-CAeFm5sfX8sbTzxoxRafhohreIzl9a7R6qHTck3MrgTqm5M5g/u0IHfEKYzI9w/17r8NINl8UZrw2i08wrO7Iw==}
    engines: {node: '>=20.0.0'}

  '@swc/helpers@0.5.15':
    resolution: {integrity: sha512-JQ5TuMi45Owi4/BIMAJBoSQoOJu12oOk/gADqlcUL9JEdHB8vyjUSsxqeNXnmXHjYKMi2WcYtezGEEhqUI/E2g==}

  '@types/node@25.5.0':
    resolution: {integrity: sha512-jp2P3tQMSxWugkCUKLRPVUpGaL5MVFwF8RDuSRztfwgN1wmqJeMSbKlnEtQqU8UrhTmzEmZdu2I6v2dpp7XIxw==}

  '@types/react@19.2.14':
    resolution: {integrity: sha512-ilcTH/UniCkMdtexkoCN0bI7pMcJDvmQFPvuPvmEaYA/NSfFTAgdUSLAoVjaRJm7+6PvcM+q1zYOwS4wTYMF9w==}

  '@vercel/analytics@2.0.1':
    resolution: {integrity: sha512-MTQG6V9qQrt1tsDeF+2Uoo5aPjqbVPys1xvnIftXSJYG2SrwXRHnqEvVoYID7BTruDz4lCd2Z7rM1BdkUehk2g==}
    peerDependencies:
      '@remix-run/react': ^2
      '@sveltejs/kit': ^1 || ^2
      next: '>= 13'
      nuxt: '>= 3'
      react: ^18 || ^19 || ^19.0.0-rc
      svelte: '>= 4'
      vue: ^3
      vue-router: ^4
    peerDependenciesMeta:
      '@remix-run/react':
        optional: true
      '@sveltejs/kit':
        optional: true
      next:
        optional: true
      nuxt:
        optional: true
      react:
        optional: true
      svelte:
        optional: true
      vue:
        optional: true
      vue-router:
        optional: true

  clsx@2.1.1:
    resolution: {integrity: sha512-eYm0QWBtUrBWZWG0d386OGAw16Z995PiOVo2B7bjWSbHedGl5e0ZWaq65kOGgUSNesEIDkB9ISbTg/JK9dhCZA==}
    engines: {node: '>=6'}
